
Microsoft Visual Studio Solution File, Format Version 12.00
# Visual Studio Version 16
VisualStudioVersion = 16.0.30804.86
MinimumVisualStudioVersion = 10.0.40219.1
Project("{FAE04EC0-301F-11D3-BF4B-00C04F79EFBC}") = "MobileShop", "MobileShop\MobileShop.csproj", "{33430F5F-4E1C-40DE-87C8-0081DAF12BFC}"
EndProject
Global
	GlobalSection(SolutionConfigurationPlatforms) = preSolution
		Debug|Any CPU = Debug|Any CPU
		Release|Any CPU = Release|Any CPU
	EndGlobalSection
	GlobalSection(ProjectConfigurationPlatforms) = postSolution
		{33430F5F-4E1C-40DE-87C8-0081DAF12BFC}.Debug|Any CPU.ActiveCfg = Debug|Any CPU
		{33430F5F-4E1C-40DE-87C8-0081DAF12BFC}.Debug|Any CPU.Build.0 = Debug|Any CPU
		{33430F5F-4E1C-40DE-87C8-0081DAF12BFC}.Release|Any CPU.ActiveCfg = Release|Any CPU
		{33430F5F-4E1C-40DE-87C8-0081DAF12BFC}.Release|Any CPU.Build.0 = Release|Any CPU
	EndGlobalSection
	GlobalSection(SolutionProperties) = preSolution
		HideSolutionNode = FALSE
	EndGlobalSection
	GlobalSection(ExtensibilityGlobals) = postSolution
		SolutionGuid = {19FE4379-6B78-4978-89EB-B87EB4BFF9F8}
	EndGlobalSection
EndGlobal
